
Microsoft Visual Studio Solution File, Format Version 12.00
# Visual Studio Version 17
VisualStudioVersion = 17.7.34024.191
MinimumVisualStudioVersion = 10.0.40219.1
Project("{FAE04EC0-301F-11D3-BF4B-00C04F79EFBC}") = "VentaDeAutomoviles", "VentaDeAutomoviles.csproj", "{741DD83C-AE18-451A-92E3-B08A9115989E}"
EndProject
Global
	GlobalSection(SolutionConfigurationPlatforms) = preSolution
		Debug|Any CPU = Debug|Any CPU
		Release|Any CPU = Release|Any CPU
	EndGlobalSection
	GlobalSection(ProjectConfigurationPlatforms) = postSolution
		{741DD83C-AE18-451A-92E3-B08A9115989E}.Debug|Any CPU.ActiveCfg = Debug|Any CPU
		{741DD83C-AE18-451A-92E3-B08A9115989E}.Debug|Any CPU.Build.0 = Debug|Any CPU
		{741DD83C-AE18-451A-92E3-B08A9115989E}.Release|Any CPU.ActiveCfg = Release|Any CPU
		{741DD83C-AE18-451A-92E3-B08A9115989E}.Release|Any CPU.Build.0 = Release|Any CPU
	EndGlobalSection
	GlobalSection(SolutionProperties) = preSolution
		HideSolutionNode = FALSE
	EndGlobalSection
	GlobalSection(ExtensibilityGlobals) = postSolution
		SolutionGuid = {5FFC96A8-C7E0-48D4-85FC-FAFAD9D0C487}
	EndGlobalSection
EndGlobal
